
Microsoft Visual Studio Solution File, Format Version 12.00
# Visual Studio Version 17
VisualStudioVersion = 17.12.35521.163
MinimumVisualStudioVersion = 10.0.40219.1
Project("{FAE04EC0-301F-11D3-BF4B-00C04F79EFBC}") = "Calculator", "Calculator\Calculator.csproj", "{7B30A270-9B1E-4EC1-9BC1-CD21C89D388F}"
EndProject
Project("{2150E333-8FDC-42A3-9474-1A3956D46DE8}") = "M001_UnitTests", "M001_UnitTests", "{6190EE90-26D6-45D4-8647-FC0FCDA52DDA}"
EndProject
Project("{FAE04EC0-301F-11D3-BF4B-00C04F79EFBC}") = "Calculator.xTest", "Calculator.xTest\Calculator.xTest.csproj", "{5F9075C6-44EA-43B8-9C06-FC174A5DC251}"
EndProject
Project("{2150E333-8FDC-42A3-9474-1A3956D46DE8}") = "Lab", "Lab", "{46C77592-4BBF-4A02-9E13-8BA44718A8DA}"
EndProject
Project("{FAE04EC0-301F-11D3-BF4B-00C04F79EFBC}") = "Primenumbers", "Primenumbers\Primenumbers.csproj", "{2CB940C2-F801-4FD5-B395-01415AAD45BF}"
EndProject
Project("{FAE04EC0-301F-11D3-BF4B-00C04F79EFBC}") = "Primenumber.Tests", "Primenumber.Tests\Primenumber.Tests.csproj", "{82244369-1AC2-4341-9542-C8481AFAEA74}"
EndProject
Project("{2150E333-8FDC-42A3-9474-1A3956D46DE8}") = "M002_TDD", "M002_TDD", "{4741746E-F84D-40E5-BFA9-734E1E2F0D93}"
EndProject
Project("{FAE04EC0-301F-11D3-BF4B-00C04F79EFBC}") = "TDDBank", "TDDBank\TDDBank.csproj", "{1D2F1555-9FA4-4876-AB8C-39EFEBDCC12E}"
EndProject
Project("{FAE04EC0-301F-11D3-BF4B-00C04F79EFBC}") = "TDDBank.Tests", "TDDBank.Tests\TDDBank.Tests.csproj", "{7CDBBB6F-B7ED-482D-B9CA-956BD9816FD0}"
EndProject
Project("{2150E333-8FDC-42A3-9474-1A3956D46DE8}") = "Lab", "Lab", "{383E8101-41E5-49AF-B48F-3FE63BE765C9}"
EndProject
Project("{FAE04EC0-301F-11D3-BF4B-00C04F79EFBC}") = "Speedometer", "Speedometer\Speedometer.csproj", "{B02A0AFE-21F1-4C5E-B49C-EB529B3D9731}"
EndProject
Project("{FAE04EC0-301F-11D3-BF4B-00C04F79EFBC}") = "Speedometer.Tests", "Speedometer.Tests\Speedometer.Tests.csproj", "{B35627B6-FA31-43D5-9B94-62A3E690B18B}"
EndProject
Project("{2150E333-8FDC-42A3-9474-1A3956D46DE8}") = "M003_Mocks", "M003_Mocks", "{40985363-4092-4FCA-BA6B-FB4499F6E8E9}"
EndProject
Project("{FAE04EC0-301F-11D3-BF4B-00C04F79EFBC}") = "MockBank", "MockBank\MockBank.csproj", "{4FD474FF-72BF-4864-B5BB-20940AFC2044}"
EndProject
Project("{FAE04EC0-301F-11D3-BF4B-00C04F79EFBC}") = "MockBank.Tests", "MockBank.Tests\MockBank.Tests.csproj", "{6EA20405-6A6D-4479-AFCA-A611B8336CAA}"
EndProject
Global
	GlobalSection(SolutionConfigurationPlatforms) = preSolution
		Debug|Any CPU = Debug|Any CPU
		Release|Any CPU = Release|Any CPU
	EndGlobalSection
	GlobalSection(ProjectConfigurationPlatforms) = postSolution
		{7B30A270-9B1E-4EC1-9BC1-CD21C89D388F}.Debug|Any CPU.ActiveCfg = Debug|Any CPU
		{7B30A270-9B1E-4EC1-9BC1-CD21C89D388F}.Debug|Any CPU.Build.0 = Debug|Any CPU
		{7B30A270-9B1E-4EC1-9BC1-CD21C89D388F}.Release|Any CPU.ActiveCfg = Release|Any CPU
		{7B30A270-9B1E-4EC1-9BC1-CD21C89D388F}.Release|Any CPU.Build.0 = Release|Any CPU
		{5F9075C6-44EA-43B8-9C06-FC174A5DC251}.Debug|Any CPU.ActiveCfg = Debug|Any CPU
		{5F9075C6-44EA-43B8-9C06-FC174A5DC251}.Debug|Any CPU.Build.0 = Debug|Any CPU
		{5F9075C6-44EA-43B8-9C06-FC174A5DC251}.Release|Any CPU.ActiveCfg = Release|Any CPU
		{5F9075C6-44EA-43B8-9C06-FC174A5DC251}.Release|Any CPU.Build.0 = Release|Any CPU
		{2CB940C2-F801-4FD5-B395-01415AAD45BF}.Debug|Any CPU.ActiveCfg = Debug|Any CPU
		{2CB940C2-F801-4FD5-B395-01415AAD45BF}.Debug|Any CPU.Build.0 = Debug|Any CPU
		{2CB940C2-F801-4FD5-B395-01415AAD45BF}.Release|Any CPU.ActiveCfg = Release|Any CPU
		{2CB940C2-F801-4FD5-B395-01415AAD45BF}.Release|Any CPU.Build.0 = Release|Any CPU
		{82244369-1AC2-4341-9542-C8481AFAEA74}.Debug|Any CPU.ActiveCfg = Debug|Any CPU
		{82244369-1AC2-4341-9542-C8481AFAEA74}.Debug|Any CPU.Build.0 = Debug|Any CPU
		{82244369-1AC2-4341-9542-C8481AFAEA74}.Release|Any CPU.ActiveCfg = Release|Any CPU
		{82244369-1AC2-4341-9542-C8481AFAEA74}.Release|Any CPU.Build.0 = Release|Any CPU
		{1D2F1555-9FA4-4876-AB8C-39EFEBDCC12E}.Debug|Any CPU.ActiveCfg = Debug|Any CPU
		{1D2F1555-9FA4-4876-AB8C-39EFEBDCC12E}.Debug|Any CPU.Build.0 = Debug|Any CPU
		{1D2F1555-9FA4-4876-AB8C-39EFEBDCC12E}.Release|Any CPU.ActiveCfg = Release|Any CPU
		{1D2F1555-9FA4-4876-AB8C-39EFEBDCC12E}.Release|Any CPU.Build.0 = Release|Any CPU
		{7CDBBB6F-B7ED-482D-B9CA-956BD9816FD0}.Debug|Any CPU.ActiveCfg = Debug|Any CPU
		{7CDBBB6F-B7ED-482D-B9CA-956BD9816FD0}.Debug|Any CPU.Build.0 = Debug|Any CPU
		{7CDBBB6F-B7ED-482D-B9CA-956BD9816FD0}.Release|Any CPU.ActiveCfg = Release|Any CPU
		{7CDBBB6F-B7ED-482D-B9CA-956BD9816FD0}.Release|Any CPU.Build.0 = Release|Any CPU
		{B02A0AFE-21F1-4C5E-B49C-EB529B3D9731}.Debug|Any CPU.ActiveCfg = Debug|Any CPU
		{B02A0AFE-21F1-4C5E-B49C-EB529B3D9731}.Debug|Any CPU.Build.0 = Debug|Any CPU
		{B02A0AFE-21F1-4C5E-B49C-EB529B3D9731}.Release|Any CPU.ActiveCfg = Release|Any CPU
		{B02A0AFE-21F1-4C5E-B49C-EB529B3D9731}.Release|Any CPU.Build.0 = Release|Any CPU
		{B35627B6-FA31-43D5-9B94-62A3E690B18B}.Debug|Any CPU.ActiveCfg = Debug|Any CPU
		{B35627B6-FA31-43D5-9B94-62A3E690B18B}.Debug|Any CPU.Build.0 = Debug|Any CPU
		{B35627B6-FA31-43D5-9B94-62A3E690B18B}.Release|Any CPU.ActiveCfg = Release|Any CPU
		{B35627B6-FA31-43D5-9B94-62A3E690B18B}.Release|Any CPU.Build.0 = Release|Any CPU
		{4FD474FF-72BF-4864-B5BB-20940AFC2044}.Debug|Any CPU.ActiveCfg = Debug|Any CPU
		{4FD474FF-72BF-4864-B5BB-20940AFC2044}.Debug|Any CPU.Build.0 = Debug|Any CPU
		{4FD474FF-72BF-4864-B5BB-20940AFC2044}.Release|Any CPU.ActiveCfg = Release|Any CPU
		{4FD474FF-72BF-4864-B5BB-20940AFC2044}.Release|Any CPU.Build.0 = Release|Any CPU
		{6EA20405-6A6D-4479-AFCA-A611B8336CAA}.Debug|Any CPU.ActiveCfg = Debug|Any CPU
		{6EA20405-6A6D-4479-AFCA-A611B8336CAA}.Debug|Any CPU.Build.0 = Debug|Any CPU
		{6EA20405-6A6D-4479-AFCA-A611B8336CAA}.Release|Any CPU.ActiveCfg = Release|Any CPU
		{6EA20405-6A6D-4479-AFCA-A611B8336CAA}.Release|Any CPU.Build.0 = Release|Any CPU
	EndGlobalSection
	GlobalSection(SolutionProperties) = preSolution
		HideSolutionNode = FALSE
	EndGlobalSection
	GlobalSection(NestedProjects) = preSolution
		{7B30A270-9B1E-4EC1-9BC1-CD21C89D388F} = {6190EE90-26D6-45D4-8647-FC0FCDA52DDA}
		{5F9075C6-44EA-43B8-9C06-FC174A5DC251} = {6190EE90-26D6-45D4-8647-FC0FCDA52DDA}
		{46C77592-4BBF-4A02-9E13-8BA44718A8DA} = {6190EE90-26D6-45D4-8647-FC0FCDA52DDA}
		{2CB940C2-F801-4FD5-B395-01415AAD45BF} = {46C77592-4BBF-4A02-9E13-8BA44718A8DA}
		{82244369-1AC2-4341-9542-C8481AFAEA74} = {46C77592-4BBF-4A02-9E13-8BA44718A8DA}
		{1D2F1555-9FA4-4876-AB8C-39EFEBDCC12E} = {4741746E-F84D-40E5-BFA9-734E1E2F0D93}
		{7CDBBB6F-B7ED-482D-B9CA-956BD9816FD0} = {4741746E-F84D-40E5-BFA9-734E1E2F0D93}
		{383E8101-41E5-49AF-B48F-3FE63BE765C9} = {4741746E-F84D-40E5-BFA9-734E1E2F0D93}
		{B02A0AFE-21F1-4C5E-B49C-EB529B3D9731} = {383E8101-41E5-49AF-B48F-3FE63BE765C9}
		{B35627B6-FA31-43D5-9B94-62A3E690B18B} = {383E8101-41E5-49AF-B48F-3FE63BE765C9}
		{4FD474FF-72BF-4864-B5BB-20940AFC2044} = {40985363-4092-4FCA-BA6B-FB4499F6E8E9}
		{6EA20405-6A6D-4479-AFCA-A611B8336CAA} = {40985363-4092-4FCA-BA6B-FB4499F6E8E9}
	EndGlobalSection
EndGlobal
